
Microsoft Visual Studio Solution File, Format Version 12.00
# Visual Studio Version 16
VisualStudioVersion = 16.0.31624.102
MinimumVisualStudioVersion = 10.0.40219.1
Project("{FAE04EC0-301F-11D3-BF4B-00C04F79EFBC}") = "QUIZ", "QUIZ\QUIZ.csproj", "{90AF5F8E-14C7-4948-AC69-B43D7886A214}"
EndProject
Global
	GlobalSection(SolutionConfigurationPlatforms) = preSolution
		Debug|Any CPU = Debug|Any CPU
		Release|Any CPU = Release|Any CPU
	EndGlobalSection
	GlobalSection(ProjectConfigurationPlatforms) = postSolution
		{90AF5F8E-14C7-4948-AC69-B43D7886A214}.Debug|Any CPU.ActiveCfg = Debug|Any CPU
		{90AF5F8E-14C7-4948-AC69-B43D7886A214}.Debug|Any CPU.Build.0 = Debug|Any CPU
		{90AF5F8E-14C7-4948-AC69-B43D7886A214}.Release|Any CPU.ActiveCfg = Release|Any CPU
		{90AF5F8E-14C7-4948-AC69-B43D7886A214}.Release|Any CPU.Build.0 = Release|Any CPU
	EndGlobalSection
	GlobalSection(SolutionProperties) = preSolution
		HideSolutionNode = FALSE
	EndGlobalSection
	GlobalSection(ExtensibilityGlobals) = postSolution
		SolutionGuid = {5F303ECB-29C7-49D2-9DF7-789D7F7849BD}
	EndGlobalSection
EndGlobal
